// !$*UTF8*$!
{
	archiveVersion = 1;
	classes = {
	};
	objectVersion = 48;
	objects = {

/* Begin PBXBuildFile section */
		1FECE9701F8A027B00C2D0F4 /* AppDelegate.swift in Sources */ = {isa = PBXBuildFile; fileRef = 1FECE96F1F8A027B00C2D0F4 /* AppDelegate.swift */; };
		1FECE9721F8A027B00C2D0F4 /* ViewController.swift in Sources */ = {isa = PBXBuildFile; fileRef = 1FECE9711F8A027B00C2D0F4 /* ViewController.swift */; };
		1FECE9751F8A027B00C2D0F4 /* Main.storyboard in Resources */ = {isa = PBXBuildFile; fileRef = 1FECE9731F8A027B00C2D0F4 /* Main.storyboard */; };
		1FECE9771F8A027B00C2D0F4 /* Assets.xcassets in Resources */ = {isa = PBXBuildFile; fileRef = 1FECE9761F8A027B00C2D0F4 /* Assets.xcassets */; };
		1FECE97A1F8A027B00C2D0F4 /* LaunchScreen.storyboard in Resources */ = {isa = PBXBuildFile; fileRef = 1FECE9781F8A027B00C2D0F4 /* LaunchScreen.storyboard */; };
		1FECE9851F8A027C00C2D0F4 /* cameraAppTests.swift in Sources */ = {isa = PBXBuildFile; fileRef = 1FECE9841F8A027C00C2D0F4 /* cameraAppTests.swift */; };
		1FECE9901F8A027C00C2D0F4 /* cameraAppUITests.swift in Sources */ = {isa = PBXBuildFile; fileRef = 1FECE98F1F8A027C00C2D0F4 /* cameraAppUITests.swift */; };
		1FECE9A01F8A058C00C2D0F4 /* GalleryViewController.swift in Sources */ = {isa = PBXBuildFile; fileRef = 1FECE99F1F8A058C00C2D0F4 /* GalleryViewController.swift */; };
/* End PBXBuildFile section */

/* Begin PBXContainerItemProxy section */
		1FECE9811F8A027C00C2D0F4 /* PBXContainerItemProxy */ = {
			isa = PBXContainerItemProxy;
			containerPortal = 1FECE9641F8A027B00C2D0F4 /* Project object */;
			proxyType = 1;
			remoteGlobalIDString = 1FECE96B1F8A027B00C2D0F4;
			remoteInfo = cameraApp;
		};
		1FECE98C1F8A027C00C2D0F4 /* PBXContainerItemProxy */ = {
			isa = PBXContainerItemProxy;
			containerPortal = 1FECE9641F8A027B00C2D0F4 /* Project object */;
			proxyType = 1;
			remoteGlobalIDString = 1FECE96B1F8A027B00C2D0F4;
			remoteInfo = cameraApp;
		};
/* End PBXContainerItemProxy section */

/* Begin PBXFileReference section */
		1FECE96C1F8A027B00C2D0F4 /* cameraApp.app */ = {isa = PBXFileReference; explicitFileType = wrapper.application; includeInIndex = 0; path = cameraApp.app; sourceTree = BUILT_PRODUCTS_DIR; };
		1FECE96F1F8A027B00C2D0F4 /* AppDelegate.swift */ = {isa = PBXFileReference; lastKnownFileType = sourcecode.swift; path = AppDelegate.swift; sourceTree = "<group>"; };
		1FECE9711F8A027B00C2D0F4 /* ViewController.swift */ = {isa = PBXFileReference; lastKnownFileType = sourcecode.swift; path = ViewController.swift; sourceTree = "<group>"; };
		1FECE9741F8A027B00C2D0F4 /* Base */ = {isa = PBXFileReference; lastKnownFileType = file.storyboard; name = Base; path = Base.lproj/Main.storyboard; sourceTree = "<group>"; };
		1FECE9761F8A027B00C2D0F4 /* Assets.xcassets */ = {isa = PBXFileReference; lastKnownFileType = folder.assetcatalog; path = Assets.xcassets; sourceTree = "<group>"; };
		1FECE9791F8A027B00C2D0F4 /* Base */ = {isa = PBXFileReference; lastKnownFileType = file.storyboard; name = Base; path = Base.lproj/LaunchScreen.storyboard; sourceTree = "<group>"; };
		1FECE97B1F8A027B00C2D0F4 /* Info.plist */ = {isa = PBXFileReference; lastKnownFileType = text.plist.xml; path = Info.plist; sourceTree = "<group>"; };
		1FECE9801F8A027C00C2D0F4 /* cameraAppTests.xctest */ = {isa = PBXFileReference; explicitFileType = wrapper.cfbundle; includeInIndex = 0; path = cameraAppTests.xctest; sourceTree = BUILT_PRODUCTS_DIR; };
		1FECE9841F8A027C00C2D0F4 /* cameraAppTests.swift */ = {isa = PBXFileReference; lastKnownFileType = sourcecode.swift; path = cameraAppTests.swift; sourceTree = "<group>"; };
		1FECE9861F8A027C00C2D0F4 /* Info.plist */ = {isa = PBXFileReference; lastKnownFileType = text.plist.xml; path = Info.plist; sourceTree = "<group>"; };
		1FECE98B1F8A027C00C2D0F4 /* cameraAppUITests.xctest */ = {isa = PBXFileReference; explicitFileType = wrapper.cfbundle; includeInIndex = 0; path = cameraAppUITests.xctest; sourceTree = BUILT_PRODUCTS_DIR; };
		1FECE98F1F8A027C00C2D0F4 /* cameraAppUITests.swift */ = {isa = PBXFileReference; lastKnownFileType = sourcecode.swift; path = cameraAppUITests.swift; sourceTree = "<group>"; };
		1FECE9911F8A027C00C2D0F4 /* Info.plist */ = {isa = PBXFileReference; lastKnownFileType = text.plist.xml; path = Info.plist; sourceTree = "<group>"; };
		1FECE99F1F8A058C00C2D0F4 /* GalleryViewController.swift */ = {isa = PBXFileReference; lastKnownFileType = sourcecode.swift; path = GalleryViewController.swift; sourceTree = "<group>"; };
/* End PBXFileReference section */

/* Begin PBXFrameworksBuildPhase section */
		1FECE9691F8A027B00C2D0F4 /* Frameworks */ = {
			isa = PBXFrameworksBuildPhase;
			buildActionMask = 2147483647;
			files = (
			);
			runOnlyForDeploymentPostprocessing = 0;
		};
		1FECE97D1F8A027C00C2D0F4 /* Frameworks */ = {
			isa = PBXFrameworksBuildPhase;
			buildActionMask = 2147483647;
			files = (
			);
			runOnlyForDeploymentPostprocessing = 0;
		};
		1FECE9881F8A027C00C2D0F4 /* Frameworks */ = {
			isa = PBXFrameworksBuildPhase;
			buildActionMask = 2147483647;
			files = (
			);
			runOnlyForDeploymentPostprocessing = 0;
		};
/* End PBXFrameworksBuildPhase section */

/* Begin PBXGroup section */
		1FECE9631F8A027B00C2D0F4 = {
			isa = PBXGroup;
			children = (
				1FECE96E1F8A027B00C2D0F4 /* cameraApp */,
				1FECE9831F8A027C00C2D0F4 /* cameraAppTests */,
				1FECE98E1F8A027C00C2D0F4 /* cameraAppUITests */,
				1FECE96D1F8A027B00C2D0F4 /* Products */,
			);
			sourceTree = "<group>";
		};
		1FECE96D1F8A027B00C2D0F4 /* Products */ = {
			isa = PBXGroup;
			children = (
				1FECE96C1F8A027B00C2D0F4 /* cameraApp.app */,
				1FECE9801F8A027C00C2D0F4 /* cameraAppTests.xctest */,
				1FECE98B1F8A027C00C2D0F4 /* cameraAppUITests.xctest */,
			);
			name = Products;
			sourceTree = "<group>";
		};
		1FECE96E1F8A027B00C2D0F4 /* cameraApp */ = {
			isa = PBXGroup;
			children = (
				1FECE96F1F8A027B00C2D0F4 /* AppDelegate.swift */,
				1FECE9711F8A027B00C2D0F4 /* ViewController.swift */,
				1FECE9731F8A027B00C2D0F4 /* Main.storyboard */,
				1FECE9761F8A027B00C2D0F4 /* Assets.xcassets */,
				1FECE9781F8A027B00C2D0F4 /* LaunchScreen.storyboard */,
				1FECE97B1F8A027B00C2D0F4 /* Info.plist */,
				1FECE99F1F8A058C00C2D0F4 /* GalleryViewController.swift */,
			);
			path = cameraApp;
			sourceTree = "<group>";
		};
		1FECE9831F8A027C00C2D0F4 /* cameraAppTests */ = {
			isa = PBXGroup;
			children = (
				1FECE9841F8A027C00C2D0F4 /* cameraAppTests.swift */,
				1FECE9861F8A027C00C2D0F4 /* Info.plist */,
			);
			path = cameraAppTests;
			sourceTree = "<group>";
		};
		1FECE98E1F8A027C00C2D0F4 /* cameraAppUITests */ = {
			isa = PBXGroup;
			children = (
				1FECE98F1F8A027C00C2D0F4 /* cameraAppUITests.swift */,
				1FECE9911F8A027C00C2D0F4 /* Info.plist */,
			);
			path = cameraAppUITests;
			sourceTree = "<group>";
		};
/* End PBXGroup section */

/* Begin PBXNativeTarget section */
		1FECE96B1F8A027B00C2D0F4 /* cameraApp */ = {
			isa = PBXNativeTarget;
			buildConfigurationList = 1FECE9941F8A027C00C2D0F4 /* Build configuration list for PBXNativeTarget "cameraApp" */;
			buildPhases = (
				1FECE9681F8A027B00C2D0F4 /* Sources */,
				1FECE9691F8A027B00C2D0F4 /* Frameworks */,
				1FECE96A1F8A027B00C2D0F4 /* Resources */,
			);
			buildRules = (
			);
			dependencies = (
			);
			name = cameraApp;
			productName = cameraApp;
			productReference = 1FECE96C1F8A027B00C2D0F4 /* cameraApp.app */;
			productType = "com.apple.product-type.application";
		};
		1FECE97F1F8A027C00C2D0F4 /* cameraAppTests */ = {
			isa = PBXNativeTarget;
			buildConfigurationList = 1FECE9971F8A027C00C2D0F4 /* Build configuration list for PBXNativeTarget "cameraAppTests" */;
			buildPhases = (
				1FECE97C1F8A027C00C2D0F4 /* Sources */,
				1FECE97D1F8A027C00C2D0F4 /* Frameworks */,
				1FECE97E1F8A027C00C2D0F4 /* Resources */,
			);
			buildRules = (
			);
			dependencies = (
				1FECE9821F8A027C00C2D0F4 /* PBXTargetDependency */,
			);
			name = cameraAppTests;
			productName = cameraAppTests;
			productReference = 1FECE9801F8A027C00C2D0F4 /* cameraAppTests.xctest */;
			productType = "com.apple.product-type.bundle.unit-test";
		};
		1FECE98A1F8A027C00C2D0F4 /* cameraAppUITests */ = {
			isa = PBXNativeTarget;
			buildConfigurationList = 1FECE99A1F8A027C00C2D0F4 /* Build configuration list for PBXNativeTarget "cameraAppUITests" */;
			buildPhases = (
				1FECE9871F8A027C00C2D0F4 /* Sources */,
				1FECE9881F8A027C00C2D0F4 /* Frameworks */,
				1FECE9891F8A027C00C2D0F4 /* Resources */,
			);
			buildRules = (
			);
			dependencies = (
				1FECE98D1F8A027C00C2D0F4 /* PBXTargetDependency */,
			);
			name = cameraAppUITests;
			productName = cameraAppUITests;
			productReference = 1FECE98B1F8A027C00C2D0F4 /* cameraAppUITests.xctest */;
			productType = "com.apple.product-type.bundle.ui-testing";
		};
/* End PBXNativeTarget section */

/* Begin PBXProject section */
		1FECE9641F8A027B00C2D0F4 /* Project object */ = {
			isa = PBXProject;
			attributes = {
				LastSwiftUpdateCheck = 0900;
				LastUpgradeCheck = 0900;
				ORGANIZATIONNAME = "Andrew Li";
				TargetAttributes = {
					1FECE96B1F8A027B00C2D0F4 = {
						CreatedOnToolsVersion = 9.0;
						ProvisioningStyle = Automatic;
					};
					1FECE97F1F8A027C00C2D0F4 = {
						CreatedOnToolsVersion = 9.0;
						ProvisioningStyle = Automatic;
						TestTargetID = 1FECE96B1F8A027B00C2D0F4;
					};
					1FECE98A1F8A027C00C2D0F4 = {
						CreatedOnToolsVersion = 9.0;
						ProvisioningStyle = Automatic;
						TestTargetID = 1FECE96B1F8A027B00C2D0F4;
					};
				};
			};
			buildConfigurationList = 1FECE9671F8A027B00C2D0F4 /* Build configuration list for PBXProject "cameraApp" */;
			compatibilityVersion = "Xcode 8.0";
			developmentRegion = en;
			hasScannedForEncodings = 0;
			knownRegions = (
				en,
				Base,
			);
			mainGroup = 1FECE9631F8A027B00C2D0F4;
			productRefGroup = 1FECE96D1F8A027B00C2D0F4 /* Products */;
			projectDirPath = "";
			projectRoot = "";
			targets = (
				1FECE96B1F8A027B00C2D0F4 /* cameraApp */,
				1FECE97F1F8A027C00C2D0F4 /* cameraAppTests */,
				1FECE98A1F8A027C00C2D0F4 /* cameraAppUITests */,
			);
		};
/* End PBXProject section */

/* Begin PBXResourcesBuildPhase section */
		1FECE96A1F8A027B00C2D0F4 /* Resources */ = {
			isa = PBXResourcesBuildPhase;
			buildActionMask = 2147483647;
			files = (
				1FECE97A1F8A027B00C2D0F4 /* LaunchScreen.storyboard in Resources */,
				1FECE9771F8A027B00C2D0F4 /* Assets.xcassets in Resources */,
				1FECE9751F8A027B00C2D0F4 /* Main.storyboard in Resources */,
			);
			runOnlyForDeploymentPostprocessing = 0;
		};
		1FECE97E1F8A027C00C2D0F4 /* Resources */ = {
			isa = PBXResourcesBuildPhase;
			buildActionMask = 2147483647;
			files = (
			);
			runOnlyForDeploymentPostprocessing = 0;
		};
		1FECE9891F8A027C00C2D0F4 /* Resources */ = {
			isa = PBXResourcesBuildPhase;
			buildActionMask = 2147483647;
			files = (
			);
			runOnlyForDeploymentPostprocessing = 0;
		};
/* End PBXResourcesBuildPhase section */

/* Begin PBXSourcesBuildPhase section */
		1FECE9681F8A027B00C2D0F4 /* Sources */ = {
			isa = PBXSourcesBuildPhase;
			buildActionMask = 2147483647;
			files = (
				1FECE9A01F8A058C00C2D0F4 /* GalleryViewController.swift in Sources */,
				1FECE9721F8A027B00C2D0F4 /* ViewController.swift in Sources */,
				1FECE9701F8A027B00C2D0F4 /* AppDelegate.swift in Sources */,
			);
			runOnlyForDeploymentPostprocessing = 0;
		};
		1FECE97C1F8A027C00C2D0F4 /* Sources */ = {
			isa = PBXSourcesBuildPhase;
			buildActionMask = 2147483647;
			files = (
				1FECE9851F8A027C00C2D0F4 /* cameraAppTests.swift in Sources */,
			);
			runOnlyForDeploymentPostprocessing = 0;
		};
		1FECE9871F8A027C00C2D0F4 /* Sources */ = {
			isa = PBXSourcesBuildPhase;
			buildActionMask = 2147483647;
			files = (
				1FECE9901F8A027C00C2D0F4 /* cameraAppUITests.swift in Sources */,
			);
			runOnlyForDeploymentPostprocessing = 0;
		};
/* End PBXSourcesBuildPhase section */

/* Begin PBXTargetDependency section */
		1FECE9821F8A027C00C2D0F4 /* PBXTargetDependency */ = {
			isa = PBXTargetDependency;
			target = 1FECE96B1F8A027B00C2D0F4 /* cameraApp */;
			targetProxy = 1FECE9811F8A027C00C2D0F4 /* PBXContainerItemProxy */;
		};
		1FECE98D1F8A027C00C2D0F4 /* PBXTargetDependency */ = {
			isa = PBXTargetDependency;
			target = 1FECE96B1F8A027B00C2D0F4 /* cameraApp */;
			targetProxy = 1FECE98C1F8A027C00C2D0F4 /* PBXContainerItemProxy */;
		};
/* End PBXTargetDependency section */

/* Begin PBXVariantGroup section */
		1FECE9731F8A027B00C2D0F4 /* Main.storyboard */ = {
			isa = PBXVariantGroup;
			children = (
				1FECE9741F8A027B00C2D0F4 /* Base */,
			);
			name = Main.storyboard;
			sourceTree = "<group>";
		};
		1FECE9781F8A027B00C2D0F4 /* LaunchScreen.storyboard */ = {
			isa = PBXVariantGroup;
			children = (
				1FECE9791F8A027B00C2D0F4 /* Base */,
			);
			name = LaunchScreen.storyboard;
			sourceTree = "<group>";
		};
/* End PBXVariantGroup section */

/* Begin XCBuildConfiguration section */
		1FECE9921F8A027C00C2D0F4 /* Debug */ = {
			isa = XCBuildConfiguration;
			buildSettings = {
				ALWAYS_SEARCH_USER_PATHS = NO;
				CLANG_ANALYZER_NONNULL = YES;
				CLANG_ANALYZER_NUMBER_OBJECT_CONVERSION = YES_AGGRESSIVE;
				CLANG_CXX_LANGUAGE_STANDARD = "gnu++14";
				CLANG_CXX_LIBRARY = "libc++";
				CLANG_ENABLE_MODULES = YES;
				CLANG_ENABLE_OBJC_ARC = YES;
				CLANG_WARN_BLOCK_CAPTURE_AUTORELEASING = YES;
				CLANG_WARN_BOOL_CONVERSION = YES;
				CLANG_WARN_COMMA = YES;
				CLANG_WARN_CONSTANT_CONVERSION = YES;
				CLANG_WARN_DIRECT_OBJC_ISA_USAGE = YES_ERROR;
				CLANG_WARN_DOCUMENTATION_COMMENTS = YES;
				CLANG_WARN_EMPTY_BODY = YES;
				CLANG_WARN_ENUM_CONVERSION = YES;
				CLANG_WARN_INFINITE_RECURSION = YES;
				CLANG_WARN_INT_CONVERSION = YES;
				CLANG_WARN_NON_LITERAL_NULL_CONVERSION = YES;
				CLANG_WARN_OBJC_LITERAL_CONVERSION = YES;
				CLANG_WARN_OBJC_ROOT_CLASS = YES_ERROR;
				CLANG_WARN_RANGE_LOOP_ANALYSIS = YES;
				CLANG_WARN_STRICT_PROTOTYPES = YES;
				CLANG_WARN_SUSPICIOUS_MOVE = YES;
				CLANG_WARN_UNGUARDED_AVAILABILITY = YES_AGGRESSIVE;
				CLANG_WARN_UNREACHABLE_CODE = YES;
				CLANG_WARN__DUPLICATE_METHOD_MATCH = YES;
				CODE_SIGN_IDENTITY = "iPhone Developer";
				COPY_PHASE_STRIP = NO;
				DEBUG_INFORMATION_FORMAT = dwarf;
				ENABLE_STRICT_OBJC_MSGSEND = YES;
				ENABLE_TESTABILITY = YES;
				GCC_C_LANGUAGE_STANDARD = gnu11;
				GCC_DYNAMIC_NO_PIC = NO;
				GCC_NO_COMMON_BLOCKS = YES;
				GCC_OPTIMIZATION_LEVEL = 0;
				GCC_PREPROCESSOR_DEFINITIONS = (
					"DEBUG=1",
					"$(inherited)",
				);
				GCC_WARN_64_TO_32_BIT_CONVERSION = YES;
				GCC_WARN_ABOUT_RETURN_TYPE = YES_ERROR;
				GCC_WARN_UNDECLARED_SELECTOR = YES;
				GCC_WARN_UNINITIALIZED_AUTOS = YES_AGGRESSIVE;
				GCC_WARN_UNUSED_FUNCTION = YES;
				GCC_WARN_UNUSED_VARIABLE = YES;
				IPHONEOS_DEPLOYMENT_TARGET = 11.0;
				MTL_ENABLE_DEBUG_INFO = YES;
				ONLY_ACTIVE_ARCH = YES;
				SDKROOT = iphoneos;
				SWIFT_ACTIVE_COMPILATION_CONDITIONS = DEBUG;
				SWIFT_OPTIMIZATION_LEVEL = "-Onone";
			};
			name = Debug;
		};
		1FECE9931F8A027C00C2D0F4 /* Release */ = {
			isa = XCBuildConfiguration;
			buildSettings = {
				ALWAYS_SEARCH_USER_PATHS = NO;
				CLANG_ANALYZER_NONNULL = YES;
				CLANG_ANALYZER_NUMBER_OBJECT_CONVERSION = YES_AGGRESSIVE;
				CLANG_CXX_LANGUAGE_STANDARD = "gnu++14";
				CLANG_CXX_LIBRARY = "libc++";
				CLANG_ENABLE_MODULES = YES;
				CLANG_ENABLE_OBJC_ARC = YES;
				CLANG_WARN_BLOCK_CAPTURE_AUTORELEASING = YES;
				CLANG_WARN_BOOL_CONVERSION = YES;
				CLANG_WARN_COMMA = YES;
				CLANG_WARN_CONSTANT_CONVERSION = YES;
				CLANG_WARN_DIRECT_OBJC_ISA_USAGE = YES_ERROR;
				CLANG_WARN_DOCUMENTATION_COMMENTS = YES;
				CLANG_WARN_EMPTY_BODY = YES;
				CLANG_WARN_ENUM_CONVERSION = YES;
				CLANG_WARN_INFINITE_RECURSION = YES;
				CLANG_WARN_INT_CONVERSION = YES;
				CLANG_WARN_NON_LITERAL_NULL_CONVERSION = YES;
				CLANG_WARN_OBJC_LITERAL_CONVERSION = YES;
				CLANG_WARN_OBJC_ROOT_CLASS = YES_ERROR;
				CLANG_WARN_RANGE_LOOP_ANALYSIS = YES;
				CLANG_WARN_STRICT_PROTOTYPES = YES;
				CLANG_WARN_SUSPICIOUS_MOVE = YES;
				CLANG_WARN_UNGUARDED_AVAILABILITY = YES_AGGRESSIVE;
				CLANG_WARN_UNREACHABLE_CODE = YES;
				CLANG_WARN__DUPLICATE_METHOD_MATCH = YES;
				CODE_SIGN_IDENTITY = "iPhone Developer";
				COPY_PHASE_STRIP = NO;
				DEBUG_INFORMATION_FORMAT = "dwarf-with-dsym";
				ENABLE_NS_ASSERTIONS = NO;
				ENABLE_STRICT_OBJC_MSGSEND = YES;
				GCC_C_LANGUAGE_STANDARD = gnu11;
				GCC_NO_COMMON_BLOCKS = YES;
				GCC_WARN_64_TO_32_BIT_CONVERSION = YES;
				GCC_WARN_ABOUT_RETURN_TYPE = YES_ERROR;
				GCC_WARN_UNDECLARED_SELECTOR = YES;
				GCC_WARN_UNINITIALIZED_AUTOS = YES_AGGRESSIVE;
				GCC_WARN_UNUSED_FUNCTION = YES;
				GCC_WARN_UNUSED_VARIABLE = YES;
				IPHONEOS_DEPLOYMENT_TARGET = 11.0;
				MTL_ENABLE_DEBUG_INFO = NO;
				SDKROOT = iphoneos;
				SWIFT_OPTIMIZATION_LEVEL = "-Owholemodule";
				VALIDATE_PRODUCT = YES;
			};
			name = Release;
		};
		1FECE9951F8A027C00C2D0F4 /* Debug */ = {
			isa = XCBuildConfiguration;
			buildSettings = {
				ASSETCATALOG_COMPILER_APPICON_NAME = AppIcon;
				CODE_SIGN_STYLE = Automatic;
				INFOPLIST_FILE = cameraApp/Info.plist;
				LD_RUNPATH_SEARCH_PATHS = "$(inherited) @executable_path/Frameworks";
				PRODUCT_BUNDLE_IDENTIFIER = calhacks.cameraApp;
				PRODUCT_NAME = "$(TARGET_NAME)";
				SWIFT_VERSION = 4.0;
				TARGETED_DEVICE_FAMILY = "1,2";
			};
			name = Debug;
		};
		1FECE9961F8A027C00C2D0F4 /* Release */ = {
			isa = XCBuildConfiguration;
			buildSettings = {
				ASSETCATALOG_COMPILER_APPICON_NAME = AppIcon;
				CODE_SIGN_STYLE = Automatic;
				INFOPLIST_FILE = cameraApp/Info.plist;
				LD_RUNPATH_SEARCH_PATHS = "$(inherited) @executable_path/Frameworks";
				PRODUCT_BUNDLE_IDENTIFIER = calhacks.cameraApp;
				PRODUCT_NAME = "$(TARGET_NAME)";
				SWIFT_VERSION = 4.0;
				TARGETED_DEVICE_FAMILY = "1,2";
			};
			name = Release;
		};
		1FECE9981F8A027C00C2D0F4 /* Debug */ = {
			isa = XCBuildConfiguration;
			buildSettings = {
				ALWAYS_EMBED_SWIFT_STANDARD_LIBRARIES = YES;
				BUNDLE_LOADER = "$(TEST_HOST)";
				CODE_SIGN_STYLE = Automatic;
				INFOPLIST_FILE = cameraAppTests/Info.plist;
				LD_RUNPATH_SEARCH_PATHS = "$(inherited) @executable_path/Frameworks @loader_path/Frameworks";
				PRODUCT_BUNDLE_IDENTIFIER = calhacks.cameraAppTests;
				PRODUCT_NAME = "$(TARGET_NAME)";
				SWIFT_VERSION = 4.0;
				TARGETED_DEVICE_FAMILY = "1,2";
				TEST_HOST = "$(BUILT_PRODUCTS_DIR)/cameraApp.app/cameraApp";
			};
			name = Debug;
		};
		1FECE9991F8A027C00C2D0F4 /* Release */ = {
			isa = XCBuildConfiguration;
			buildSettings = {
				ALWAYS_EMBED_SWIFT_STANDARD_LIBRARIES = YES;
				BUNDLE_LOADER = "$(TEST_HOST)";
				CODE_SIGN_STYLE = Automatic;
				INFOPLIST_FILE = cameraAppTests/Info.plist;
				LD_RUNPATH_SEARCH_PATHS = "$(inherited) @executable_path/Frameworks @loader_path/Frameworks";
				PRODUCT_BUNDLE_IDENTIFIER = calhacks.cameraAppTests;
				PRODUCT_NAME = "$(TARGET_NAME)";
				SWIFT_VERSION = 4.0;
				TARGETED_DEVICE_FAMILY = "1,2";
				TEST_HOST = "$(BUILT_PRODUCTS_DIR)/cameraApp.app/cameraApp";
			};
			name = Release;
		};
		1FECE99B1F8A027C00C2D0F4 /* Debug */ = {
			isa = XCBuildConfiguration;
			buildSettings = {
				ALWAYS_EMBED_SWIFT_STANDARD_LIBRARIES = YES;
				CODE_SIGN_STYLE = Automatic;
				INFOPLIST_FILE = cameraAppUITests/Info.plist;
				LD_RUNPATH_SEARCH_PATHS = "$(inherited) @executable_path/Frameworks @loader_path/Frameworks";
				PRODUCT_BUNDLE_IDENTIFIER = calhacks.cameraAppUITests;
				PRODUCT_NAME = "$(TARGET_NAME)";
				SWIFT_VERSION = 4.0;
				TARGETED_DEVICE_FAMILY = "1,2";
				TEST_TARGET_NAME = cameraApp;
			};
			name = Debug;
		};
		1FECE99C1F8A027C00C2D0F4 /* Release */ = {
			isa = XCBuildConfiguration;
			buildSettings = {
				ALWAYS_EMBED_SWIFT_STANDARD_LIBRARIES = YES;
				CODE_SIGN_STYLE = Automatic;
				INFOPLIST_FILE = cameraAppUITests/Info.plist;
				LD_RUNPATH_SEARCH_PATHS = "$(inherited) @executable_path/Frameworks @loader_path/Frameworks";
				PRODUCT_BUNDLE_IDENTIFIER = calhacks.cameraAppUITests;
				PRODUCT_NAME = "$(TARGET_NAME)";
				SWIFT_VERSION = 4.0;
				TARGETED_DEVICE_FAMILY = "1,2";
				TEST_TARGET_NAME = cameraApp;
			};
			name = Release;
		};
/* End XCBuildConfiguration section */

/* Begin XCConfigurationList section */
		1FECE9671F8A027B00C2D0F4 /* Build configuration list for PBXProject "cameraApp" */ = {
			isa = XCConfigurationList;
			buildConfigurations = (
				1FECE9921F8A027C00C2D0F4 /* Debug */,
				1FECE9931F8A027C00C2D0F4 /* Release */,
			);
			defaultConfigurationIsVisible = 0;
			defaultConfigurationName = Release;
		};
		1FECE9941F8A027C00C2D0F4 /* Build configuration list for PBXNativeTarget "cameraApp" */ = {
			isa = XCConfigurationList;
			buildConfigurations = (
				1FECE9951F8A027C00C2D0F4 /* Debug */,
				1FECE9961F8A027C00C2D0F4 /* Release */,
			);
			defaultConfigurationIsVisible = 0;
			defaultConfigurationName = Release;
		};
		1FECE9971F8A027C00C2D0F4 /* Build configuration list for PBXNativeTarget "cameraAppTests" */ = {
			isa = XCConfigurationList;
			buildConfigurations = (
				1FECE9981F8A027C00C2D0F4 /* Debug */,
				1FECE9991F8A027C00C2D0F4 /* Release */,
			);
			defaultConfigurationIsVisible = 0;
			defaultConfigurationName = Release;
		};
		1FECE99A1F8A027C00C2D0F4 /* Build configuration list for PBXNativeTarget "cameraAppUITests" */ = {
			isa = XCConfigurationList;
			buildConfigurations = (
				1FECE99B1F8A027C00C2D0F4 /* Debug */,
				1FECE99C1F8A027C00C2D0F4 /* Release */,
			);
			defaultConfigurationIsVisible = 0;
			defaultConfigurationName = Release;
		};
/* End XCConfigurationList section */
	};
	rootObject = 1FECE9641F8A027B00C2D0F4 /* Project object */;
}
