// !$*UTF8*$!
{
	archiveVersion = 1;
	classes = {
	};
	objectVersion = 46;
	objects = {

/* Begin PBXBuildFile section */
		1001BB1C1F89E9CE00CDC8E8 /* GalleryViewController.swift in Sources */ = {isa = PBXBuildFile; fileRef = 1001BB1B1F89E9CE00CDC8E8 /* GalleryViewController.swift */; };
		102364561F89DC3900B29B8A /* AppDelegate.swift in Sources */ = {isa = PBXBuildFile; fileRef = 102364551F89DC3900B29B8A /* AppDelegate.swift */; };
		102364581F89DC3900B29B8A /* ViewController.swift in Sources */ = {isa = PBXBuildFile; fileRef = 102364571F89DC3900B29B8A /* ViewController.swift */; };
		1023645B1F89DC3900B29B8A /* Main.storyboard in Resources */ = {isa = PBXBuildFile; fileRef = 102364591F89DC3900B29B8A /* Main.storyboard */; };
		1023645D1F89DC3900B29B8A /* Assets.xcassets in Resources */ = {isa = PBXBuildFile; fileRef = 1023645C1F89DC3900B29B8A /* Assets.xcassets */; };
		102364601F89DC3900B29B8A /* LaunchScreen.storyboard in Resources */ = {isa = PBXBuildFile; fileRef = 1023645E1F89DC3900B29B8A /* LaunchScreen.storyboard */; };
/* End PBXBuildFile section */

/* Begin PBXFileReference section */
		1001BB1B1F89E9CE00CDC8E8 /* GalleryViewController.swift */ = {isa = PBXFileReference; fileEncoding = 4; lastKnownFileType = sourcecode.swift; path = GalleryViewController.swift; sourceTree = "<group>"; };
		102364521F89DC3900B29B8A /* CameraApp.app */ = {isa = PBXFileReference; explicitFileType = wrapper.application; includeInIndex = 0; path = CameraApp.app; sourceTree = BUILT_PRODUCTS_DIR; };
		102364551F89DC3900B29B8A /* AppDelegate.swift */ = {isa = PBXFileReference; lastKnownFileType = sourcecode.swift; path = AppDelegate.swift; sourceTree = "<group>"; };
		102364571F89DC3900B29B8A /* ViewController.swift */ = {isa = PBXFileReference; lastKnownFileType = sourcecode.swift; path = ViewController.swift; sourceTree = "<group>"; };
		1023645A1F89DC3900B29B8A /* Base */ = {isa = PBXFileReference; lastKnownFileType = file.storyboard; name = Base; path = Base.lproj/Main.storyboard; sourceTree = "<group>"; };
		1023645C1F89DC3900B29B8A /* Assets.xcassets */ = {isa = PBXFileReference; lastKnownFileType = folder.assetcatalog; path = Assets.xcassets; sourceTree = "<group>"; };
		1023645F1F89DC3900B29B8A /* Base */ = {isa = PBXFileReference; lastKnownFileType = file.storyboard; name = Base; path = Base.lproj/LaunchScreen.storyboard; sourceTree = "<group>"; };
		102364611F89DC3900B29B8A /* Info.plist */ = {isa = PBXFileReference; lastKnownFileType = text.plist.xml; path = Info.plist; sourceTree = "<group>"; };
/* End PBXFileReference section */

/* Begin PBXFrameworksBuildPhase section */
		1023644F1F89DC3900B29B8A /* Frameworks */ = {
			isa = PBXFrameworksBuildPhase;
			buildActionMask = 2147483647;
			files = (
			);
			runOnlyForDeploymentPostprocessing = 0;
		};
/* End PBXFrameworksBuildPhase section */

/* Begin PBXGroup section */
		102364491F89DC3900B29B8A = {
			isa = PBXGroup;
			children = (
				102364541F89DC3900B29B8A /* CameraApp */,
				102364531F89DC3900B29B8A /* Products */,
			);
			sourceTree = "<group>";
		};
		102364531F89DC3900B29B8A /* Products */ = {
			isa = PBXGroup;
			children = (
				102364521F89DC3900B29B8A /* CameraApp.app */,
			);
			name = Products;
			sourceTree = "<group>";
		};
		102364541F89DC3900B29B8A /* CameraApp */ = {
			isa = PBXGroup;
			children = (
				102364551F89DC3900B29B8A /* AppDelegate.swift */,
				102364571F89DC3900B29B8A /* ViewController.swift */,
				102364591F89DC3900B29B8A /* Main.storyboard */,
				1023645C1F89DC3900B29B8A /* Assets.xcassets */,
				1023645E1F89DC3900B29B8A /* LaunchScreen.storyboard */,
				102364611F89DC3900B29B8A /* Info.plist */,
				1001BB1B1F89E9CE00CDC8E8 /* GalleryViewController.swift */,
			);
			path = CameraApp;
			sourceTree = "<group>";
		};
/* End PBXGroup section */

/* Begin PBXNativeTarget section */
		102364511F89DC3900B29B8A /* CameraApp */ = {
			isa = PBXNativeTarget;
			buildConfigurationList = 102364641F89DC3900B29B8A /* Build configuration list for PBXNativeTarget "CameraApp" */;
			buildPhases = (
				1023644E1F89DC3900B29B8A /* Sources */,
				1023644F1F89DC3900B29B8A /* Frameworks */,
				102364501F89DC3900B29B8A /* Resources */,
			);
			buildRules = (
			);
			dependencies = (
			);
			name = CameraApp;
			productName = CameraApp;
			productReference = 102364521F89DC3900B29B8A /* CameraApp.app */;
			productType = "com.apple.product-type.application";
		};
/* End PBXNativeTarget section */

/* Begin PBXProject section */
		1023644A1F89DC3900B29B8A /* Project object */ = {
			isa = PBXProject;
			attributes = {
				LastSwiftUpdateCheck = 0720;
				LastUpgradeCheck = 0720;
				ORGANIZATIONNAME = AppConda;
				TargetAttributes = {
					102364511F89DC3900B29B8A = {
						CreatedOnToolsVersion = 7.2.1;
					};
				};
			};
			buildConfigurationList = 1023644D1F89DC3900B29B8A /* Build configuration list for PBXProject "CameraApp" */;
			compatibilityVersion = "Xcode 3.2";
			developmentRegion = English;
			hasScannedForEncodings = 0;
			knownRegions = (
				en,
				Base,
			);
			mainGroup = 102364491F89DC3900B29B8A;
			productRefGroup = 102364531F89DC3900B29B8A /* Products */;
			projectDirPath = "";
			projectRoot = "";
			targets = (
				102364511F89DC3900B29B8A /* CameraApp */,
			);
		};
/* End PBXProject section */

/* Begin PBXResourcesBuildPhase section */
		102364501F89DC3900B29B8A /* Resources */ = {
			isa = PBXResourcesBuildPhase;
			buildActionMask = 2147483647;
			files = (
				102364601F89DC3900B29B8A /* LaunchScreen.storyboard in Resources */,
				1023645D1F89DC3900B29B8A /* Assets.xcassets in Resources */,
				1023645B1F89DC3900B29B8A /* Main.storyboard in Resources */,
			);
			runOnlyForDeploymentPostprocessing = 0;
		};
/* End PBXResourcesBuildPhase section */

/* Begin PBXSourcesBuildPhase section */
		1023644E1F89DC3900B29B8A /* Sources */ = {
			isa = PBXSourcesBuildPhase;
			buildActionMask = 2147483647;
			files = (
				1001BB1C1F89E9CE00CDC8E8 /* GalleryViewController.swift in Sources */,
				102364581F89DC3900B29B8A /* ViewController.swift in Sources */,
				102364561F89DC3900B29B8A /* AppDelegate.swift in Sources */,
			);
			runOnlyForDeploymentPostprocessing = 0;
		};
/* End PBXSourcesBuildPhase section */

/* Begin PBXVariantGroup section */
		102364591F89DC3900B29B8A /* Main.storyboard */ = {
			isa = PBXVariantGroup;
			children = (
				1023645A1F89DC3900B29B8A /* Base */,
			);
			name = Main.storyboard;
			sourceTree = "<group>";
		};
		1023645E1F89DC3900B29B8A /* LaunchScreen.storyboard */ = {
			isa = PBXVariantGroup;
			children = (
				1023645F1F89DC3900B29B8A /* Base */,
			);
			name = LaunchScreen.storyboard;
			sourceTree = "<group>";
		};
/* End PBXVariantGroup section */

/* Begin XCBuildConfiguration section */
		102364621F89DC3900B29B8A /* Debug */ = {
			isa = XCBuildConfiguration;
			buildSettings = {
				ALWAYS_SEARCH_USER_PATHS = NO;
				CLANG_CXX_LANGUAGE_STANDARD = "gnu++0x";
				CLANG_CXX_LIBRARY = "libc++";
				CLANG_ENABLE_MODULES = YES;
				CLANG_ENABLE_OBJC_ARC = YES;
				CLANG_WARN_BOOL_CONVERSION = YES;
				CLANG_WARN_CONSTANT_CONVERSION = YES;
				CLANG_WARN_DIRECT_OBJC_ISA_USAGE = YES_ERROR;
				CLANG_WARN_EMPTY_BODY = YES;
				CLANG_WARN_ENUM_CONVERSION = YES;
				CLANG_WARN_INT_CONVERSION = YES;
				CLANG_WARN_OBJC_ROOT_CLASS = YES_ERROR;
				CLANG_WARN_UNREACHABLE_CODE = YES;
				CLANG_WARN__DUPLICATE_METHOD_MATCH = YES;
				"CODE_SIGN_IDENTITY[sdk=iphoneos*]" = "iPhone Developer";
				COPY_PHASE_STRIP = NO;
				DEBUG_INFORMATION_FORMAT = dwarf;
				ENABLE_STRICT_OBJC_MSGSEND = YES;
				ENABLE_TESTABILITY = YES;
				GCC_C_LANGUAGE_STANDARD = gnu99;
				GCC_DYNAMIC_NO_PIC = NO;
				GCC_NO_COMMON_BLOCKS = YES;
				GCC_OPTIMIZATION_LEVEL = 0;
				GCC_PREPROCESSOR_DEFINITIONS = (
					"DEBUG=1",
					"$(inherited)",
				);
				GCC_WARN_64_TO_32_BIT_CONVERSION = YES;
				GCC_WARN_ABOUT_RETURN_TYPE = YES_ERROR;
				GCC_WARN_UNDECLARED_SELECTOR = YES;
				GCC_WARN_UNINITIALIZED_AUTOS = YES_AGGRESSIVE;
				GCC_WARN_UNUSED_FUNCTION = YES;
				GCC_WARN_UNUSED_VARIABLE = YES;
				IPHONEOS_DEPLOYMENT_TARGET = 9.2;
				MTL_ENABLE_DEBUG_INFO = YES;
				ONLY_ACTIVE_ARCH = YES;
				SDKROOT = iphoneos;
				SWIFT_OPTIMIZATION_LEVEL = "-Onone";
			};
			name = Debug;
		};
		102364631F89DC3900B29B8A /* Release */ = {
			isa = XCBuildConfiguration;
			buildSettings = {
				ALWAYS_SEARCH_USER_PATHS = NO;
				CLANG_CXX_LANGUAGE_STANDARD = "gnu++0x";
				CLANG_CXX_LIBRARY = "libc++";
				CLANG_ENABLE_MODULES = YES;
				CLANG_ENABLE_OBJC_ARC = YES;
				CLANG_WARN_BOOL_CONVERSION = YES;
				CLANG_WARN_CONSTANT_CONVERSION = YES;
				CLANG_WARN_DIRECT_OBJC_ISA_USAGE = YES_ERROR;
				CLANG_WARN_EMPTY_BODY = YES;
				CLANG_WARN_ENUM_CONVERSION = YES;
				CLANG_WARN_INT_CONVERSION = YES;
				CLANG_WARN_OBJC_ROOT_CLASS = YES_ERROR;
				CLANG_WARN_UNREACHABLE_CODE = YES;
				CLANG_WARN__DUPLICATE_METHOD_MATCH = YES;
				"CODE_SIGN_IDENTITY[sdk=iphoneos*]" = "iPhone Developer";
				COPY_PHASE_STRIP = NO;
				DEBUG_INFORMATION_FORMAT = "dwarf-with-dsym";
				ENABLE_NS_ASSERTIONS = NO;
				ENABLE_STRICT_OBJC_MSGSEND = YES;
				GCC_C_LANGUAGE_STANDARD = gnu99;
				GCC_NO_COMMON_BLOCKS = YES;
				GCC_WARN_64_TO_32_BIT_CONVERSION = YES;
				GCC_WARN_ABOUT_RETURN_TYPE = YES_ERROR;
				GCC_WARN_UNDECLARED_SELECTOR = YES;
				GCC_WARN_UNINITIALIZED_AUTOS = YES_AGGRESSIVE;
				GCC_WARN_UNUSED_FUNCTION = YES;
				GCC_WARN_UNUSED_VARIABLE = YES;
				IPHONEOS_DEPLOYMENT_TARGET = 9.2;
				MTL_ENABLE_DEBUG_INFO = NO;
				SDKROOT = iphoneos;
				VALIDATE_PRODUCT = YES;
			};
			name = Release;
		};
		102364651F89DC3900B29B8A /* Debug */ = {
			isa = XCBuildConfiguration;
			buildSettings = {
				ASSETCATALOG_COMPILER_APPICON_NAME = AppIcon;
				INFOPLIST_FILE = CameraApp/Info.plist;
				LD_RUNPATH_SEARCH_PATHS = "$(inherited) @executable_path/Frameworks";
				PRODUCT_BUNDLE_IDENTIFIER = com.appcoda.CameraApp;
				PRODUCT_NAME = "$(TARGET_NAME)";
			};
			name = Debug;
		};
		102364661F89DC3900B29B8A /* Release */ = {
			isa = XCBuildConfiguration;
			buildSettings = {
				ASSETCATALOG_COMPILER_APPICON_NAME = AppIcon;
				INFOPLIST_FILE = CameraApp/Info.plist;
				LD_RUNPATH_SEARCH_PATHS = "$(inherited) @executable_path/Frameworks";
				PRODUCT_BUNDLE_IDENTIFIER = com.appcoda.CameraApp;
				PRODUCT_NAME = "$(TARGET_NAME)";
			};
			name = Release;
		};
/* End XCBuildConfiguration section */

/* Begin XCConfigurationList section */
		1023644D1F89DC3900B29B8A /* Build configuration list for PBXProject "CameraApp" */ = {
			isa = XCConfigurationList;
			buildConfigurations = (
				102364621F89DC3900B29B8A /* Debug */,
				102364631F89DC3900B29B8A /* Release */,
			);
			defaultConfigurationIsVisible = 0;
			defaultConfigurationName = Release;
		};
		102364641F89DC3900B29B8A /* Build configuration list for PBXNativeTarget "CameraApp" */ = {
			isa = XCConfigurationList;
			buildConfigurations = (
				102364651F89DC3900B29B8A /* Debug */,
				102364661F89DC3900B29B8A /* Release */,
			);
			defaultConfigurationIsVisible = 0;
			defaultConfigurationName = Release;
		};
/* End XCConfigurationList section */
	};
	rootObject = 1023644A1F89DC3900B29B8A /* Project object */;
}
