// !$*UTF8*$!
{
	archiveVersion = 1;
	classes = {
	};
	objectVersion = 46;
	objects = {

/* Begin PBXBuildFile section */
		CFEF38261F8945050028B68F /* main.m in Sources */ = {isa = PBXBuildFile; fileRef = CFEF38251F8945050028B68F /* main.m */; };
		CFEF38291F8945050028B68F /* AppDelegate.m in Sources */ = {isa = PBXBuildFile; fileRef = CFEF38281F8945050028B68F /* AppDelegate.m */; };
		CFEF382C1F8945050028B68F /* ViewController.m in Sources */ = {isa = PBXBuildFile; fileRef = CFEF382B1F8945050028B68F /* ViewController.m */; };
		CFEF382F1F8945050028B68F /* Main.storyboard in Resources */ = {isa = PBXBuildFile; fileRef = CFEF382D1F8945050028B68F /* Main.storyboard */; };
		CFEF38311F8945050028B68F /* Assets.xcassets in Resources */ = {isa = PBXBuildFile; fileRef = CFEF38301F8945050028B68F /* Assets.xcassets */; };
		CFEF38341F8945050028B68F /* LaunchScreen.storyboard in Resources */ = {isa = PBXBuildFile; fileRef = CFEF38321F8945050028B68F /* LaunchScreen.storyboard */; };
		CFEF383F1F8945050028B68F /* surroundSoundTests.m in Sources */ = {isa = PBXBuildFile; fileRef = CFEF383E1F8945050028B68F /* surroundSoundTests.m */; };
		CFEF384A1F8945050028B68F /* surroundSoundUITests.m in Sources */ = {isa = PBXBuildFile; fileRef = CFEF38491F8945050028B68F /* surroundSoundUITests.m */; };
/* End PBXBuildFile section */

/* Begin PBXContainerItemProxy section */
		CFEF383B1F8945050028B68F /* PBXContainerItemProxy */ = {
			isa = PBXContainerItemProxy;
			containerPortal = CFEF38191F8945050028B68F /* Project object */;
			proxyType = 1;
			remoteGlobalIDString = CFEF38201F8945050028B68F;
			remoteInfo = surroundSound;
		};
		CFEF38461F8945050028B68F /* PBXContainerItemProxy */ = {
			isa = PBXContainerItemProxy;
			containerPortal = CFEF38191F8945050028B68F /* Project object */;
			proxyType = 1;
			remoteGlobalIDString = CFEF38201F8945050028B68F;
			remoteInfo = surroundSound;
		};
/* End PBXContainerItemProxy section */

/* Begin PBXFileReference section */
		CFEF38211F8945050028B68F /* surroundSound.app */ = {isa = PBXFileReference; explicitFileType = wrapper.application; includeInIndex = 0; path = surroundSound.app; sourceTree = BUILT_PRODUCTS_DIR; };
		CFEF38251F8945050028B68F /* main.m */ = {isa = PBXFileReference; lastKnownFileType = sourcecode.c.objc; path = main.m; sourceTree = "<group>"; };
		CFEF38271F8945050028B68F /* AppDelegate.h */ = {isa = PBXFileReference; lastKnownFileType = sourcecode.c.h; path = AppDelegate.h; sourceTree = "<group>"; };
		CFEF38281F8945050028B68F /* AppDelegate.m */ = {isa = PBXFileReference; lastKnownFileType = sourcecode.c.objc; path = AppDelegate.m; sourceTree = "<group>"; };
		CFEF382A1F8945050028B68F /* ViewController.h */ = {isa = PBXFileReference; lastKnownFileType = sourcecode.c.h; path = ViewController.h; sourceTree = "<group>"; };
		CFEF382B1F8945050028B68F /* ViewController.m */ = {isa = PBXFileReference; lastKnownFileType = sourcecode.c.objc; path = ViewController.m; sourceTree = "<group>"; };
		CFEF382E1F8945050028B68F /* Base */ = {isa = PBXFileReference; lastKnownFileType = file.storyboard; name = Base; path = Base.lproj/Main.storyboard; sourceTree = "<group>"; };
		CFEF38301F8945050028B68F /* Assets.xcassets */ = {isa = PBXFileReference; lastKnownFileType = folder.assetcatalog; path = Assets.xcassets; sourceTree = "<group>"; };
		CFEF38331F8945050028B68F /* Base */ = {isa = PBXFileReference; lastKnownFileType = file.storyboard; name = Base; path = Base.lproj/LaunchScreen.storyboard; sourceTree = "<group>"; };
		CFEF38351F8945050028B68F /* Info.plist */ = {isa = PBXFileReference; lastKnownFileType = text.plist.xml; path = Info.plist; sourceTree = "<group>"; };
		CFEF383A1F8945050028B68F /* surroundSoundTests.xctest */ = {isa = PBXFileReference; explicitFileType = wrapper.cfbundle; includeInIndex = 0; path = surroundSoundTests.xctest; sourceTree = BUILT_PRODUCTS_DIR; };
		CFEF383E1F8945050028B68F /* surroundSoundTests.m */ = {isa = PBXFileReference; lastKnownFileType = sourcecode.c.objc; path = surroundSoundTests.m; sourceTree = "<group>"; };
		CFEF38401F8945050028B68F /* Info.plist */ = {isa = PBXFileReference; lastKnownFileType = text.plist.xml; path = Info.plist; sourceTree = "<group>"; };
		CFEF38451F8945050028B68F /* surroundSoundUITests.xctest */ = {isa = PBXFileReference; explicitFileType = wrapper.cfbundle; includeInIndex = 0; path = surroundSoundUITests.xctest; sourceTree = BUILT_PRODUCTS_DIR; };
		CFEF38491F8945050028B68F /* surroundSoundUITests.m */ = {isa = PBXFileReference; lastKnownFileType = sourcecode.c.objc; path = surroundSoundUITests.m; sourceTree = "<group>"; };
		CFEF384B1F8945050028B68F /* Info.plist */ = {isa = PBXFileReference; lastKnownFileType = text.plist.xml; path = Info.plist; sourceTree = "<group>"; };
/* End PBXFileReference section */

/* Begin PBXFrameworksBuildPhase section */
		CFEF381E1F8945050028B68F /* Frameworks */ = {
			isa = PBXFrameworksBuildPhase;
			buildActionMask = 2147483647;
			files = (
			);
			runOnlyForDeploymentPostprocessing = 0;
		};
		CFEF38371F8945050028B68F /* Frameworks */ = {
			isa = PBXFrameworksBuildPhase;
			buildActionMask = 2147483647;
			files = (
			);
			runOnlyForDeploymentPostprocessing = 0;
		};
		CFEF38421F8945050028B68F /* Frameworks */ = {
			isa = PBXFrameworksBuildPhase;
			buildActionMask = 2147483647;
			files = (
			);
			runOnlyForDeploymentPostprocessing = 0;
		};
/* End PBXFrameworksBuildPhase section */

/* Begin PBXGroup section */
		CFEF38181F8945050028B68F = {
			isa = PBXGroup;
			children = (
				CFEF38231F8945050028B68F /* surroundSound */,
				CFEF383D1F8945050028B68F /* surroundSoundTests */,
				CFEF38481F8945050028B68F /* surroundSoundUITests */,
				CFEF38221F8945050028B68F /* Products */,
			);
			sourceTree = "<group>";
		};
		CFEF38221F8945050028B68F /* Products */ = {
			isa = PBXGroup;
			children = (
				CFEF38211F8945050028B68F /* surroundSound.app */,
				CFEF383A1F8945050028B68F /* surroundSoundTests.xctest */,
				CFEF38451F8945050028B68F /* surroundSoundUITests.xctest */,
			);
			name = Products;
			sourceTree = "<group>";
		};
		CFEF38231F8945050028B68F /* surroundSound */ = {
			isa = PBXGroup;
			children = (
				CFEF38271F8945050028B68F /* AppDelegate.h */,
				CFEF38281F8945050028B68F /* AppDelegate.m */,
				CFEF382A1F8945050028B68F /* ViewController.h */,
				CFEF382B1F8945050028B68F /* ViewController.m */,
				CFEF382D1F8945050028B68F /* Main.storyboard */,
				CFEF38301F8945050028B68F /* Assets.xcassets */,
				CFEF38321F8945050028B68F /* LaunchScreen.storyboard */,
				CFEF38351F8945050028B68F /* Info.plist */,
				CFEF38241F8945050028B68F /* Supporting Files */,
			);
			path = surroundSound;
			sourceTree = "<group>";
		};
		CFEF38241F8945050028B68F /* Supporting Files */ = {
			isa = PBXGroup;
			children = (
				CFEF38251F8945050028B68F /* main.m */,
			);
			name = "Supporting Files";
			sourceTree = "<group>";
		};
		CFEF383D1F8945050028B68F /* surroundSoundTests */ = {
			isa = PBXGroup;
			children = (
				CFEF383E1F8945050028B68F /* surroundSoundTests.m */,
				CFEF38401F8945050028B68F /* Info.plist */,
			);
			path = surroundSoundTests;
			sourceTree = "<group>";
		};
		CFEF38481F8945050028B68F /* surroundSoundUITests */ = {
			isa = PBXGroup;
			children = (
				CFEF38491F8945050028B68F /* surroundSoundUITests.m */,
				CFEF384B1F8945050028B68F /* Info.plist */,
			);
			path = surroundSoundUITests;
			sourceTree = "<group>";
		};
/* End PBXGroup section */

/* Begin PBXNativeTarget section */
		CFEF38201F8945050028B68F /* surroundSound */ = {
			isa = PBXNativeTarget;
			buildConfigurationList = CFEF384E1F8945050028B68F /* Build configuration list for PBXNativeTarget "surroundSound" */;
			buildPhases = (
				CFEF381D1F8945050028B68F /* Sources */,
				CFEF381E1F8945050028B68F /* Frameworks */,
				CFEF381F1F8945050028B68F /* Resources */,
			);
			buildRules = (
			);
			dependencies = (
			);
			name = surroundSound;
			productName = surroundSound;
			productReference = CFEF38211F8945050028B68F /* surroundSound.app */;
			productType = "com.apple.product-type.application";
		};
		CFEF38391F8945050028B68F /* surroundSoundTests */ = {
			isa = PBXNativeTarget;
			buildConfigurationList = CFEF38511F8945050028B68F /* Build configuration list for PBXNativeTarget "surroundSoundTests" */;
			buildPhases = (
				CFEF38361F8945050028B68F /* Sources */,
				CFEF38371F8945050028B68F /* Frameworks */,
				CFEF38381F8945050028B68F /* Resources */,
			);
			buildRules = (
			);
			dependencies = (
				CFEF383C1F8945050028B68F /* PBXTargetDependency */,
			);
			name = surroundSoundTests;
			productName = surroundSoundTests;
			productReference = CFEF383A1F8945050028B68F /* surroundSoundTests.xctest */;
			productType = "com.apple.product-type.bundle.unit-test";
		};
		CFEF38441F8945050028B68F /* surroundSoundUITests */ = {
			isa = PBXNativeTarget;
			buildConfigurationList = CFEF38541F8945050028B68F /* Build configuration list for PBXNativeTarget "surroundSoundUITests" */;
			buildPhases = (
				CFEF38411F8945050028B68F /* Sources */,
				CFEF38421F8945050028B68F /* Frameworks */,
				CFEF38431F8945050028B68F /* Resources */,
			);
			buildRules = (
			);
			dependencies = (
				CFEF38471F8945050028B68F /* PBXTargetDependency */,
			);
			name = surroundSoundUITests;
			productName = surroundSoundUITests;
			productReference = CFEF38451F8945050028B68F /* surroundSoundUITests.xctest */;
			productType = "com.apple.product-type.bundle.ui-testing";
		};
/* End PBXNativeTarget section */

/* Begin PBXProject section */
		CFEF38191F8945050028B68F /* Project object */ = {
			isa = PBXProject;
			attributes = {
				LastUpgradeCheck = 0830;
				ORGANIZATIONNAME = "Jiayue Li";
				TargetAttributes = {
					CFEF38201F8945050028B68F = {
						CreatedOnToolsVersion = 8.3.3;
						DevelopmentTeam = DJW83MEF6R;
						ProvisioningStyle = Automatic;
					};
					CFEF38391F8945050028B68F = {
						CreatedOnToolsVersion = 8.3.3;
						DevelopmentTeam = DJW83MEF6R;
						ProvisioningStyle = Automatic;
						TestTargetID = CFEF38201F8945050028B68F;
					};
					CFEF38441F8945050028B68F = {
						CreatedOnToolsVersion = 8.3.3;
						DevelopmentTeam = DJW83MEF6R;
						ProvisioningStyle = Automatic;
						TestTargetID = CFEF38201F8945050028B68F;
					};
				};
			};
			buildConfigurationList = CFEF381C1F8945050028B68F /* Build configuration list for PBXProject "surroundSound" */;
			compatibilityVersion = "Xcode 3.2";
			developmentRegion = English;
			hasScannedForEncodings = 0;
			knownRegions = (
				en,
				Base,
			);
			mainGroup = CFEF38181F8945050028B68F;
			productRefGroup = CFEF38221F8945050028B68F /* Products */;
			projectDirPath = "";
			projectRoot = "";
			targets = (
				CFEF38201F8945050028B68F /* surroundSound */,
				CFEF38391F8945050028B68F /* surroundSoundTests */,
				CFEF38441F8945050028B68F /* surroundSoundUITests */,
			);
		};
/* End PBXProject section */

/* Begin PBXResourcesBuildPhase section */
		CFEF381F1F8945050028B68F /* Resources */ = {
			isa = PBXResourcesBuildPhase;
			buildActionMask = 2147483647;
			files = (
				CFEF38341F8945050028B68F /* LaunchScreen.storyboard in Resources */,
				CFEF38311F8945050028B68F /* Assets.xcassets in Resources */,
				CFEF382F1F8945050028B68F /* Main.storyboard in Resources */,
			);
			runOnlyForDeploymentPostprocessing = 0;
		};
		CFEF38381F8945050028B68F /* Resources */ = {
			isa = PBXResourcesBuildPhase;
			buildActionMask = 2147483647;
			files = (
			);
			runOnlyForDeploymentPostprocessing = 0;
		};
		CFEF38431F8945050028B68F /* Resources */ = {
			isa = PBXResourcesBuildPhase;
			buildActionMask = 2147483647;
			files = (
			);
			runOnlyForDeploymentPostprocessing = 0;
		};
/* End PBXResourcesBuildPhase section */

/* Begin PBXSourcesBuildPhase section */
		CFEF381D1F8945050028B68F /* Sources */ = {
			isa = PBXSourcesBuildPhase;
			buildActionMask = 2147483647;
			files = (
				CFEF382C1F8945050028B68F /* ViewController.m in Sources */,
				CFEF38291F8945050028B68F /* AppDelegate.m in Sources */,
				CFEF38261F8945050028B68F /* main.m in Sources */,
			);
			runOnlyForDeploymentPostprocessing = 0;
		};
		CFEF38361F8945050028B68F /* Sources */ = {
			isa = PBXSourcesBuildPhase;
			buildActionMask = 2147483647;
			files = (
				CFEF383F1F8945050028B68F /* surroundSoundTests.m in Sources */,
			);
			runOnlyForDeploymentPostprocessing = 0;
		};
		CFEF38411F8945050028B68F /* Sources */ = {
			isa = PBXSourcesBuildPhase;
			buildActionMask = 2147483647;
			files = (
				CFEF384A1F8945050028B68F /* surroundSoundUITests.m in Sources */,
			);
			runOnlyForDeploymentPostprocessing = 0;
		};
/* End PBXSourcesBuildPhase section */

/* Begin PBXTargetDependency section */
		CFEF383C1F8945050028B68F /* PBXTargetDependency */ = {
			isa = PBXTargetDependency;
			target = CFEF38201F8945050028B68F /* surroundSound */;
			targetProxy = CFEF383B1F8945050028B68F /* PBXContainerItemProxy */;
		};
		CFEF38471F8945050028B68F /* PBXTargetDependency */ = {
			isa = PBXTargetDependency;
			target = CFEF38201F8945050028B68F /* surroundSound */;
			targetProxy = CFEF38461F8945050028B68F /* PBXContainerItemProxy */;
		};
/* End PBXTargetDependency section */

/* Begin PBXVariantGroup section */
		CFEF382D1F8945050028B68F /* Main.storyboard */ = {
			isa = PBXVariantGroup;
			children = (
				CFEF382E1F8945050028B68F /* Base */,
			);
			name = Main.storyboard;
			sourceTree = "<group>";
		};
		CFEF38321F8945050028B68F /* LaunchScreen.storyboard */ = {
			isa = PBXVariantGroup;
			children = (
				CFEF38331F8945050028B68F /* Base */,
			);
			name = LaunchScreen.storyboard;
			sourceTree = "<group>";
		};
/* End PBXVariantGroup section */

/* Begin XCBuildConfiguration section */
		CFEF384C1F8945050028B68F /* Debug */ = {
			isa = XCBuildConfiguration;
			buildSettings = {
				ALWAYS_SEARCH_USER_PATHS = NO;
				CLANG_ANALYZER_NONNULL = YES;
				CLANG_ANALYZER_NUMBER_OBJECT_CONVERSION = YES_AGGRESSIVE;
				CLANG_CXX_LANGUAGE_STANDARD = "gnu++0x";
				CLANG_CXX_LIBRARY = "libc++";
				CLANG_ENABLE_MODULES = YES;
				CLANG_ENABLE_OBJC_ARC = YES;
				CLANG_WARN_BOOL_CONVERSION = YES;
				CLANG_WARN_CONSTANT_CONVERSION = YES;
				CLANG_WARN_DIRECT_OBJC_ISA_USAGE = YES_ERROR;
				CLANG_WARN_DOCUMENTATION_COMMENTS = YES;
				CLANG_WARN_EMPTY_BODY = YES;
				CLANG_WARN_ENUM_CONVERSION = YES;
				CLANG_WARN_INFINITE_RECURSION = YES;
				CLANG_WARN_INT_CONVERSION = YES;
				CLANG_WARN_OBJC_ROOT_CLASS = YES_ERROR;
				CLANG_WARN_SUSPICIOUS_MOVE = YES;
				CLANG_WARN_UNREACHABLE_CODE = YES;
				CLANG_WARN__DUPLICATE_METHOD_MATCH = YES;
				"CODE_SIGN_IDENTITY[sdk=iphoneos*]" = "iPhone Developer";
				COPY_PHASE_STRIP = NO;
				DEBUG_INFORMATION_FORMAT = dwarf;
				ENABLE_STRICT_OBJC_MSGSEND = YES;
				ENABLE_TESTABILITY = YES;
				GCC_C_LANGUAGE_STANDARD = gnu99;
				GCC_DYNAMIC_NO_PIC = NO;
				GCC_NO_COMMON_BLOCKS = YES;
				GCC_OPTIMIZATION_LEVEL = 0;
				GCC_PREPROCESSOR_DEFINITIONS = (
					"DEBUG=1",
					"$(inherited)",
				);
				GCC_WARN_64_TO_32_BIT_CONVERSION = YES;
				GCC_WARN_ABOUT_RETURN_TYPE = YES_ERROR;
				GCC_WARN_UNDECLARED_SELECTOR = YES;
				GCC_WARN_UNINITIALIZED_AUTOS = YES_AGGRESSIVE;
				GCC_WARN_UNUSED_FUNCTION = YES;
				GCC_WARN_UNUSED_VARIABLE = YES;
				IPHONEOS_DEPLOYMENT_TARGET = 10.3;
				MTL_ENABLE_DEBUG_INFO = YES;
				ONLY_ACTIVE_ARCH = YES;
				SDKROOT = iphoneos;
			};
			name = Debug;
		};
		CFEF384D1F8945050028B68F /* Release */ = {
			isa = XCBuildConfiguration;
			buildSettings = {
				ALWAYS_SEARCH_USER_PATHS = NO;
				CLANG_ANALYZER_NONNULL = YES;
				CLANG_ANALYZER_NUMBER_OBJECT_CONVERSION = YES_AGGRESSIVE;
				CLANG_CXX_LANGUAGE_STANDARD = "gnu++0x";
				CLANG_CXX_LIBRARY = "libc++";
				CLANG_ENABLE_MODULES = YES;
				CLANG_ENABLE_OBJC_ARC = YES;
				CLANG_WARN_BOOL_CONVERSION = YES;
				CLANG_WARN_CONSTANT_CONVERSION = YES;
				CLANG_WARN_DIRECT_OBJC_ISA_USAGE = YES_ERROR;
				CLANG_WARN_DOCUMENTATION_COMMENTS = YES;
				CLANG_WARN_EMPTY_BODY = YES;
				CLANG_WARN_ENUM_CONVERSION = YES;
				CLANG_WARN_INFINITE_RECURSION = YES;
				CLANG_WARN_INT_CONVERSION = YES;
				CLANG_WARN_OBJC_ROOT_CLASS = YES_ERROR;
				CLANG_WARN_SUSPICIOUS_MOVE = YES;
				CLANG_WARN_UNREACHABLE_CODE = YES;
				CLANG_WARN__DUPLICATE_METHOD_MATCH = YES;
				"CODE_SIGN_IDENTITY[sdk=iphoneos*]" = "iPhone Developer";
				COPY_PHASE_STRIP = NO;
				DEBUG_INFORMATION_FORMAT = "dwarf-with-dsym";
				ENABLE_NS_ASSERTIONS = NO;
				ENABLE_STRICT_OBJC_MSGSEND = YES;
				GCC_C_LANGUAGE_STANDARD = gnu99;
				GCC_NO_COMMON_BLOCKS = YES;
				GCC_WARN_64_TO_32_BIT_CONVERSION = YES;
				GCC_WARN_ABOUT_RETURN_TYPE = YES_ERROR;
				GCC_WARN_UNDECLARED_SELECTOR = YES;
				GCC_WARN_UNINITIALIZED_AUTOS = YES_AGGRESSIVE;
				GCC_WARN_UNUSED_FUNCTION = YES;
				GCC_WARN_UNUSED_VARIABLE = YES;
				IPHONEOS_DEPLOYMENT_TARGET = 10.3;
				MTL_ENABLE_DEBUG_INFO = NO;
				SDKROOT = iphoneos;
				VALIDATE_PRODUCT = YES;
			};
			name = Release;
		};
		CFEF384F1F8945050028B68F /* Debug */ = {
			isa = XCBuildConfiguration;
			buildSettings = {
				ASSETCATALOG_COMPILER_APPICON_NAME = AppIcon;
				DEVELOPMENT_TEAM = DJW83MEF6R;
				INFOPLIST_FILE = surroundSound/Info.plist;
				LD_RUNPATH_SEARCH_PATHS = "$(inherited) @executable_path/Frameworks";
				PRODUCT_BUNDLE_IDENTIFIER = techSide.surroundSound;
				PRODUCT_NAME = "$(TARGET_NAME)";
			};
			name = Debug;
		};
		CFEF38501F8945050028B68F /* Release */ = {
			isa = XCBuildConfiguration;
			buildSettings = {
				ASSETCATALOG_COMPILER_APPICON_NAME = AppIcon;
				DEVELOPMENT_TEAM = DJW83MEF6R;
				INFOPLIST_FILE = surroundSound/Info.plist;
				LD_RUNPATH_SEARCH_PATHS = "$(inherited) @executable_path/Frameworks";
				PRODUCT_BUNDLE_IDENTIFIER = techSide.surroundSound;
				PRODUCT_NAME = "$(TARGET_NAME)";
			};
			name = Release;
		};
		CFEF38521F8945050028B68F /* Debug */ = {
			isa = XCBuildConfiguration;
			buildSettings = {
				BUNDLE_LOADER = "$(TEST_HOST)";
				DEVELOPMENT_TEAM = DJW83MEF6R;
				INFOPLIST_FILE = surroundSoundTests/Info.plist;
				LD_RUNPATH_SEARCH_PATHS = "$(inherited) @executable_path/Frameworks @loader_path/Frameworks";
				PRODUCT_BUNDLE_IDENTIFIER = techSide.surroundSoundTests;
				PRODUCT_NAME = "$(TARGET_NAME)";
				TEST_HOST = "$(BUILT_PRODUCTS_DIR)/surroundSound.app/surroundSound";
			};
			name = Debug;
		};
		CFEF38531F8945050028B68F /* Release */ = {
			isa = XCBuildConfiguration;
			buildSettings = {
				BUNDLE_LOADER = "$(TEST_HOST)";
				DEVELOPMENT_TEAM = DJW83MEF6R;
				INFOPLIST_FILE = surroundSoundTests/Info.plist;
				LD_RUNPATH_SEARCH_PATHS = "$(inherited) @executable_path/Frameworks @loader_path/Frameworks";
				PRODUCT_BUNDLE_IDENTIFIER = techSide.surroundSoundTests;
				PRODUCT_NAME = "$(TARGET_NAME)";
				TEST_HOST = "$(BUILT_PRODUCTS_DIR)/surroundSound.app/surroundSound";
			};
			name = Release;
		};
		CFEF38551F8945050028B68F /* Debug */ = {
			isa = XCBuildConfiguration;
			buildSettings = {
				DEVELOPMENT_TEAM = DJW83MEF6R;
				INFOPLIST_FILE = surroundSoundUITests/Info.plist;
				LD_RUNPATH_SEARCH_PATHS = "$(inherited) @executable_path/Frameworks @loader_path/Frameworks";
				PRODUCT_BUNDLE_IDENTIFIER = techSide.surroundSoundUITests;
				PRODUCT_NAME = "$(TARGET_NAME)";
				TEST_TARGET_NAME = surroundSound;
			};
			name = Debug;
		};
		CFEF38561F8945050028B68F /* Release */ = {
			isa = XCBuildConfiguration;
			buildSettings = {
				DEVELOPMENT_TEAM = DJW83MEF6R;
				INFOPLIST_FILE = surroundSoundUITests/Info.plist;
				LD_RUNPATH_SEARCH_PATHS = "$(inherited) @executable_path/Frameworks @loader_path/Frameworks";
				PRODUCT_BUNDLE_IDENTIFIER = techSide.surroundSoundUITests;
				PRODUCT_NAME = "$(TARGET_NAME)";
				TEST_TARGET_NAME = surroundSound;
			};
			name = Release;
		};
/* End XCBuildConfiguration section */

/* Begin XCConfigurationList section */
		CFEF381C1F8945050028B68F /* Build configuration list for PBXProject "surroundSound" */ = {
			isa = XCConfigurationList;
			buildConfigurations = (
				CFEF384C1F8945050028B68F /* Debug */,
				CFEF384D1F8945050028B68F /* Release */,
			);
			defaultConfigurationIsVisible = 0;
			defaultConfigurationName = Release;
		};
		CFEF384E1F8945050028B68F /* Build configuration list for PBXNativeTarget "surroundSound" */ = {
			isa = XCConfigurationList;
			buildConfigurations = (
				CFEF384F1F8945050028B68F /* Debug */,
				CFEF38501F8945050028B68F /* Release */,
			);
			defaultConfigurationIsVisible = 0;
		};
		CFEF38511F8945050028B68F /* Build configuration list for PBXNativeTarget "surroundSoundTests" */ = {
			isa = XCConfigurationList;
			buildConfigurations = (
				CFEF38521F8945050028B68F /* Debug */,
				CFEF38531F8945050028B68F /* Release */,
			);
			defaultConfigurationIsVisible = 0;
		};
		CFEF38541F8945050028B68F /* Build configuration list for PBXNativeTarget "surroundSoundUITests" */ = {
			isa = XCConfigurationList;
			buildConfigurations = (
				CFEF38551F8945050028B68F /* Debug */,
				CFEF38561F8945050028B68F /* Release */,
			);
			defaultConfigurationIsVisible = 0;
		};
/* End XCConfigurationList section */
	};
	rootObject = CFEF38191F8945050028B68F /* Project object */;
}
